
Microsoft Visual Studio Solution File, Format Version 12.00
# Visual Studio 15
VisualStudioVersion = 15.0.28307.421
MinimumVisualStudioVersion = 10.0.40219.1
Project("{FAE04EC0-301F-11D3-BF4B-00C04F79EFBC}") = "NugetColaboracionVNF", "NugetColaboracionVNF\NugetColaboracionVNF.csproj", "{BBAAE524-04E0-4150-8A1C-B4209662A112}"
EndProject
Global
	GlobalSection(SolutionConfigurationPlatforms) = preSolution
		Debug|Any CPU = Debug|Any CPU
		Release|Any CPU = Release|Any CPU
	EndGlobalSection
	GlobalSection(ProjectConfigurationPlatforms) = postSolution
		{BBAAE524-04E0-4150-8A1C-B4209662A112}.Debug|Any CPU.ActiveCfg = Debug|Any CPU
		{BBAAE524-04E0-4150-8A1C-B4209662A112}.Debug|Any CPU.Build.0 = Debug|Any CPU
		{BBAAE524-04E0-4150-8A1C-B4209662A112}.Release|Any CPU.ActiveCfg = Release|Any CPU
		{BBAAE524-04E0-4150-8A1C-B4209662A112}.Release|Any CPU.Build.0 = Release|Any CPU
	EndGlobalSection
	GlobalSection(SolutionProperties) = preSolution
		HideSolutionNode = FALSE
	EndGlobalSection
	GlobalSection(ExtensibilityGlobals) = postSolution
		SolutionGuid = {A24B0AA6-7A3C-43CB-B28A-BEF4E08B80F6}
	EndGlobalSection
EndGlobal
